
Microsoft Visual Studio Solution File, Format Version 12.00
# Visual Studio 14
VisualStudioVersion = 14.0.24720.0
MinimumVisualStudioVersion = 10.0.40219.1
Project("{00D1A9C2-B5F0-4AF3-8072-F6C62B433612}") = "SQLStructuredError.Database", "SQLStructuredError.Database\SQLStructuredError.Database.sqlproj", "{F5855AB1-BF46-4F6E-935E-E688DB44BF6A}"
EndProject
Project("{FAE04EC0-301F-11D3-BF4B-00C04F79EFBC}") = "SQLStructuredError.Tests", "SQLStructuredError.Tests\SQLStructuredError.Tests.csproj", "{B842F9E5-8D90-4BB4-901E-AA9846DC2773}"
EndProject
Project("{FAE04EC0-301F-11D3-BF4B-00C04F79EFBC}") = "SQLStructureError.Support", "SQLStructureError.Support\SQLStructureError.Support.csproj", "{E9A3C215-DDC6-41A0-9420-204AEDE41499}"
EndProject
Global
	GlobalSection(SolutionConfigurationPlatforms) = preSolution
		Debug|Any CPU = Debug|Any CPU
		Release|Any CPU = Release|Any CPU
	EndGlobalSection
	GlobalSection(ProjectConfigurationPlatforms) = postSolution
		{F5855AB1-BF46-4F6E-935E-E688DB44BF6A}.Debug|Any CPU.ActiveCfg = Debug|Any CPU
		{F5855AB1-BF46-4F6E-935E-E688DB44BF6A}.Debug|Any CPU.Build.0 = Debug|Any CPU
		{F5855AB1-BF46-4F6E-935E-E688DB44BF6A}.Debug|Any CPU.Deploy.0 = Debug|Any CPU
		{F5855AB1-BF46-4F6E-935E-E688DB44BF6A}.Release|Any CPU.ActiveCfg = Release|Any CPU
		{F5855AB1-BF46-4F6E-935E-E688DB44BF6A}.Release|Any CPU.Build.0 = Release|Any CPU
		{F5855AB1-BF46-4F6E-935E-E688DB44BF6A}.Release|Any CPU.Deploy.0 = Release|Any CPU
		{B842F9E5-8D90-4BB4-901E-AA9846DC2773}.Debug|Any CPU.ActiveCfg = Debug|Any CPU
		{B842F9E5-8D90-4BB4-901E-AA9846DC2773}.Debug|Any CPU.Build.0 = Debug|Any CPU
		{B842F9E5-8D90-4BB4-901E-AA9846DC2773}.Release|Any CPU.ActiveCfg = Release|Any CPU
		{B842F9E5-8D90-4BB4-901E-AA9846DC2773}.Release|Any CPU.Build.0 = Release|Any CPU
		{E9A3C215-DDC6-41A0-9420-204AEDE41499}.Debug|Any CPU.ActiveCfg = Debug|Any CPU
		{E9A3C215-DDC6-41A0-9420-204AEDE41499}.Debug|Any CPU.Build.0 = Debug|Any CPU
		{E9A3C215-DDC6-41A0-9420-204AEDE41499}.Release|Any CPU.ActiveCfg = Release|Any CPU
		{E9A3C215-DDC6-41A0-9420-204AEDE41499}.Release|Any CPU.Build.0 = Release|Any CPU
	EndGlobalSection
	GlobalSection(SolutionProperties) = preSolution
		HideSolutionNode = FALSE
	EndGlobalSection
EndGlobal
